
Microsoft Visual Studio Solution File, Format Version 11.00
# Visual Studio 2010
Project("{FAE04EC0-301F-11D3-BF4B-00C04F79EFBC}") = "DomainModel", "DomainModel\DomainModel.csproj", "{0846005F-98F5-4238-83DA-79ACFAE2464B}"
EndProject
Project("{FAE04EC0-301F-11D3-BF4B-00C04F79EFBC}") = "WebsiteBanXeHoi", "WebsiteBanXeHoi\WebsiteBanXeHoi.csproj", "{64C215F6-27D3-46CE-95C8-9E216571963E}"
EndProject
Global
	GlobalSection(SolutionConfigurationPlatforms) = preSolution
		Debug|Any CPU = Debug|Any CPU
		Release|Any CPU = Release|Any CPU
	EndGlobalSection
	GlobalSection(ProjectConfigurationPlatforms) = postSolution
		{0846005F-98F5-4238-83DA-79ACFAE2464B}.Debug|Any CPU.ActiveCfg = Debug|Any CPU
		{0846005F-98F5-4238-83DA-79ACFAE2464B}.Debug|Any CPU.Build.0 = Debug|Any CPU
		{0846005F-98F5-4238-83DA-79ACFAE2464B}.Release|Any CPU.ActiveCfg = Release|Any CPU
		{0846005F-98F5-4238-83DA-79ACFAE2464B}.Release|Any CPU.Build.0 = Release|Any CPU
		{64C215F6-27D3-46CE-95C8-9E216571963E}.Debug|Any CPU.ActiveCfg = Debug|Any CPU
		{64C215F6-27D3-46CE-95C8-9E216571963E}.Debug|Any CPU.Build.0 = Debug|Any CPU
		{64C215F6-27D3-46CE-95C8-9E216571963E}.Release|Any CPU.ActiveCfg = Release|Any CPU
		{64C215F6-27D3-46CE-95C8-9E216571963E}.Release|Any CPU.Build.0 = Release|Any CPU
	EndGlobalSection
	GlobalSection(SolutionProperties) = preSolution
		HideSolutionNode = FALSE
	EndGlobalSection
EndGlobal
